{
    "_meta": {
        "hash": {
            "sha256": "f469c9334abeb61baa692b76557b0981e43fc7cc06f63734537ca4fb383a8a69"
        },
        "pipfile-spec": 6,
        "requires": {
            "python_version": "3.7"
        },
        "sources": [
            {
                "name": "pypi",
                "url": "https://pypi.org/simple",
                "verify_ssl": true
            }
        ]
    },
    "default": {
        "ply": {
            "hashes": [
                "sha256:00c7c1aaa88358b9c765b6d3000c6eec0ba42abca5351b095321aef446081da3",
                "sha256:096f9b8350b65ebd2fd1346b12452efe5b9607f7482813ffca50c22722a807ce"
            ],
            "index": "pypi",
            "version": "==3.11"
        },
        "pydot-ng": {
            "hashes": [
                "sha256:251ec5cde0d20ebd467b12fd8a4db0f52d2fbf6e12660a969a226823ba38644e",
                "sha256:8c8073b97aa7030c28118961e2c6c92f046e4cb57aeba7df87146f7baa6530c5"
            ],
            "index": "pypi",
            "version": "==2.0.0"
        },
        "pyparsing": {
            "hashes": [
                "sha256:40856e74d4987de5d01761a22d1621ae1c7f8774585acae358aa5c5936c6c90b",
                "sha256:f353aab21fd474459d97b709e527b5571314ee5f067441dc9f88e33eecd96592"
            ],
            "version": "==2.3.0"
        }
    },
    "develop": {}
}
